
Microsoft Visual Studio Solution File, Format Version 12.00
# Visual Studio Version 17
VisualStudioVersion = 17.5.002.0
MinimumVisualStudioVersion = 10.0.40219.1
Project("{2150E333-8FDC-42A3-9474-1A3956D46DE8}") = "src", "src", "{5D1D08B3-0C91-493C-B427-D8483A6280BB}"
EndProject
Project("{9A19103F-16F7-4668-BE54-9A1E7A4F7556}") = "Account.Domain", "src\Account.Domain\Account.Domain.csproj", "{0CAC4C15-EC19-40FA-9FDD-AC091E4DD064}"
EndProject
Project("{9A19103F-16F7-4668-BE54-9A1E7A4F7556}") = "Account.Infra", "src\Account.Infra\Account.Infra.csproj", "{3B28EC55-3F70-49C9-A1D4-7C7CDC77FF2C}"
EndProject
Project("{9A19103F-16F7-4668-BE54-9A1E7A4F7556}") = "Account.Api", "src\Account.Api\Account.Api.csproj", "{498FB452-8C38-4977-8E4F-DDD12B3F50C3}"
EndProject
Global
	GlobalSection(SolutionConfigurationPlatforms) = preSolution
		Debug|Any CPU = Debug|Any CPU
		Release|Any CPU = Release|Any CPU
	EndGlobalSection
	GlobalSection(ProjectConfigurationPlatforms) = postSolution
		{0CAC4C15-EC19-40FA-9FDD-AC091E4DD064}.Debug|Any CPU.ActiveCfg = Debug|Any CPU
		{0CAC4C15-EC19-40FA-9FDD-AC091E4DD064}.Debug|Any CPU.Build.0 = Debug|Any CPU
		{0CAC4C15-EC19-40FA-9FDD-AC091E4DD064}.Release|Any CPU.ActiveCfg = Release|Any CPU
		{0CAC4C15-EC19-40FA-9FDD-AC091E4DD064}.Release|Any CPU.Build.0 = Release|Any CPU
		{3B28EC55-3F70-49C9-A1D4-7C7CDC77FF2C}.Debug|Any CPU.ActiveCfg = Debug|Any CPU
		{3B28EC55-3F70-49C9-A1D4-7C7CDC77FF2C}.Debug|Any CPU.Build.0 = Debug|Any CPU
		{3B28EC55-3F70-49C9-A1D4-7C7CDC77FF2C}.Release|Any CPU.ActiveCfg = Release|Any CPU
		{3B28EC55-3F70-49C9-A1D4-7C7CDC77FF2C}.Release|Any CPU.Build.0 = Release|Any CPU
		{498FB452-8C38-4977-8E4F-DDD12B3F50C3}.Debug|Any CPU.ActiveCfg = Debug|Any CPU
		{498FB452-8C38-4977-8E4F-DDD12B3F50C3}.Debug|Any CPU.Build.0 = Debug|Any CPU
		{498FB452-8C38-4977-8E4F-DDD12B3F50C3}.Release|Any CPU.ActiveCfg = Release|Any CPU
		{498FB452-8C38-4977-8E4F-DDD12B3F50C3}.Release|Any CPU.Build.0 = Release|Any CPU
	EndGlobalSection
	GlobalSection(SolutionProperties) = preSolution
		HideSolutionNode = FALSE
	EndGlobalSection
	GlobalSection(NestedProjects) = preSolution
		{0CAC4C15-EC19-40FA-9FDD-AC091E4DD064} = {5D1D08B3-0C91-493C-B427-D8483A6280BB}
		{3B28EC55-3F70-49C9-A1D4-7C7CDC77FF2C} = {5D1D08B3-0C91-493C-B427-D8483A6280BB}
		{498FB452-8C38-4977-8E4F-DDD12B3F50C3} = {5D1D08B3-0C91-493C-B427-D8483A6280BB}
	EndGlobalSection
	GlobalSection(ExtensibilityGlobals) = postSolution
		SolutionGuid = {FED23914-CC7C-47A5-A37F-F3714B5F12F0}
	EndGlobalSection
EndGlobal
